
Microsoft Visual Studio Solution File, Format Version 12.00
# Visual Studio Version 16
VisualStudioVersion = 16.0.30225.117
MinimumVisualStudioVersion = 10.0.40219.1
Project("{9A19103F-16F7-4668-BE54-9A1E7A4F7556}") = "Ancestor", "Ancestor\Ancestor.csproj", "{8B72E923-1968-4B99-8B5A-FB4134586881}"
EndProject
Project("{2150E333-8FDC-42A3-9474-1A3956D46DE8}") = "GitFiles", "GitFiles", "{B5E5A8D3-5092-4E13-9742-386C29B74C0E}"
	ProjectSection(SolutionItems) = preProject
		.gitignore = .gitignore
		README.md = README.md
	EndProjectSection
EndProject
Global
	GlobalSection(SolutionConfigurationPlatforms) = preSolution
		Debug|Any CPU = Debug|Any CPU
		Release|Any CPU = Release|Any CPU
	EndGlobalSection
	GlobalSection(ProjectConfigurationPlatforms) = postSolution
		{8B72E923-1968-4B99-8B5A-FB4134586881}.Debug|Any CPU.ActiveCfg = Debug|Any CPU
		{8B72E923-1968-4B99-8B5A-FB4134586881}.Debug|Any CPU.Build.0 = Debug|Any CPU
		{8B72E923-1968-4B99-8B5A-FB4134586881}.Release|Any CPU.ActiveCfg = Release|Any CPU
		{8B72E923-1968-4B99-8B5A-FB4134586881}.Release|Any CPU.Build.0 = Release|Any CPU
	EndGlobalSection
	GlobalSection(SolutionProperties) = preSolution
		HideSolutionNode = FALSE
	EndGlobalSection
	GlobalSection(ExtensibilityGlobals) = postSolution
		SolutionGuid = {7E5D6B97-9CF1-44CD-938F-8C4DBD32D578}
	EndGlobalSection
EndGlobal
